
Microsoft Visual Studio Solution File, Format Version 12.00
# Visual Studio Version 16
VisualStudioVersion = 16.0.29418.71
MinimumVisualStudioVersion = 10.0.40219.1
Project("{9A19103F-16F7-4668-BE54-9A1E7A4F7556}") = "Interfaces", "Interfaces\Interfaces.csproj", "{54D247CF-AB68-4DB7-B814-A6E2E098ED25}"
EndProject
Project("{9A19103F-16F7-4668-BE54-9A1E7A4F7556}") = "Grains", "Grains\Grains.csproj", "{55D005D3-B3ED-4BA5-BFCB-B49852F43CBC}"
EndProject
Project("{9A19103F-16F7-4668-BE54-9A1E7A4F7556}") = "ConsoleClient", "ConsoleClient\ConsoleClient.csproj", "{EEE5C583-0ACC-490A-9D80-6C877C9104CE}"
EndProject
Project("{9A19103F-16F7-4668-BE54-9A1E7A4F7556}") = "SiloHost", "SiloHost\SiloHost.csproj", "{D7F1AB3F-B37A-4AB8-BBF1-4B15E26D7E9E}"
EndProject
Project("{9A19103F-16F7-4668-BE54-9A1E7A4F7556}") = "Common", "Common\Common.csproj", "{21D10731-6F63-453C-9225-6DCF478887ED}"
EndProject
Project("{9A19103F-16F7-4668-BE54-9A1E7A4F7556}") = "WebClient", "WebClient\WebClient.csproj", "{8D9B6CFA-1174-441B-96C5-B59A3A4EAA0C}"
EndProject
Global
	GlobalSection(SolutionConfigurationPlatforms) = preSolution
		Debug|Any CPU = Debug|Any CPU
		Release|Any CPU = Release|Any CPU
	EndGlobalSection
	GlobalSection(ProjectConfigurationPlatforms) = postSolution
		{54D247CF-AB68-4DB7-B814-A6E2E098ED25}.Debug|Any CPU.ActiveCfg = Debug|Any CPU
		{54D247CF-AB68-4DB7-B814-A6E2E098ED25}.Debug|Any CPU.Build.0 = Debug|Any CPU
		{54D247CF-AB68-4DB7-B814-A6E2E098ED25}.Release|Any CPU.ActiveCfg = Release|Any CPU
		{54D247CF-AB68-4DB7-B814-A6E2E098ED25}.Release|Any CPU.Build.0 = Release|Any CPU
		{55D005D3-B3ED-4BA5-BFCB-B49852F43CBC}.Debug|Any CPU.ActiveCfg = Debug|Any CPU
		{55D005D3-B3ED-4BA5-BFCB-B49852F43CBC}.Debug|Any CPU.Build.0 = Debug|Any CPU
		{55D005D3-B3ED-4BA5-BFCB-B49852F43CBC}.Release|Any CPU.ActiveCfg = Release|Any CPU
		{55D005D3-B3ED-4BA5-BFCB-B49852F43CBC}.Release|Any CPU.Build.0 = Release|Any CPU
		{EEE5C583-0ACC-490A-9D80-6C877C9104CE}.Debug|Any CPU.ActiveCfg = Debug|Any CPU
		{EEE5C583-0ACC-490A-9D80-6C877C9104CE}.Debug|Any CPU.Build.0 = Debug|Any CPU
		{EEE5C583-0ACC-490A-9D80-6C877C9104CE}.Release|Any CPU.ActiveCfg = Release|Any CPU
		{EEE5C583-0ACC-490A-9D80-6C877C9104CE}.Release|Any CPU.Build.0 = Release|Any CPU
		{D7F1AB3F-B37A-4AB8-BBF1-4B15E26D7E9E}.Debug|Any CPU.ActiveCfg = Debug|Any CPU
		{D7F1AB3F-B37A-4AB8-BBF1-4B15E26D7E9E}.Debug|Any CPU.Build.0 = Debug|Any CPU
		{D7F1AB3F-B37A-4AB8-BBF1-4B15E26D7E9E}.Release|Any CPU.ActiveCfg = Release|Any CPU
		{D7F1AB3F-B37A-4AB8-BBF1-4B15E26D7E9E}.Release|Any CPU.Build.0 = Release|Any CPU
		{21D10731-6F63-453C-9225-6DCF478887ED}.Debug|Any CPU.ActiveCfg = Debug|Any CPU
		{21D10731-6F63-453C-9225-6DCF478887ED}.Debug|Any CPU.Build.0 = Debug|Any CPU
		{21D10731-6F63-453C-9225-6DCF478887ED}.Release|Any CPU.ActiveCfg = Release|Any CPU
		{21D10731-6F63-453C-9225-6DCF478887ED}.Release|Any CPU.Build.0 = Release|Any CPU
		{8D9B6CFA-1174-441B-96C5-B59A3A4EAA0C}.Debug|Any CPU.ActiveCfg = Debug|Any CPU
		{8D9B6CFA-1174-441B-96C5-B59A3A4EAA0C}.Debug|Any CPU.Build.0 = Debug|Any CPU
		{8D9B6CFA-1174-441B-96C5-B59A3A4EAA0C}.Release|Any CPU.ActiveCfg = Release|Any CPU
		{8D9B6CFA-1174-441B-96C5-B59A3A4EAA0C}.Release|Any CPU.Build.0 = Release|Any CPU
	EndGlobalSection
	GlobalSection(SolutionProperties) = preSolution
		HideSolutionNode = FALSE
	EndGlobalSection
	GlobalSection(ExtensibilityGlobals) = postSolution
		SolutionGuid = {92F6AA3F-A3B1-4EF9-951A-E2E9C7252640}
	EndGlobalSection
EndGlobal
